
Microsoft Visual Studio Solution File, Format Version 11.00
# Visual Studio 2010
Project("{FAE04EC0-301F-11D3-BF4B-00C04F79EFBC}") = "MVC_Practice", "MVC_Practice\MVC_Practice.csproj", "{214E6A26-8213-4BE9-A2DA-224FD6175210}"
EndProject
Global
	GlobalSection(SolutionConfigurationPlatforms) = preSolution
		Debug|Any CPU = Debug|Any CPU
		Release|Any CPU = Release|Any CPU
	EndGlobalSection
	GlobalSection(ProjectConfigurationPlatforms) = postSolution
		{214E6A26-8213-4BE9-A2DA-224FD6175210}.Debug|Any CPU.ActiveCfg = Debug|Any CPU
		{214E6A26-8213-4BE9-A2DA-224FD6175210}.Debug|Any CPU.Build.0 = Debug|Any CPU
		{214E6A26-8213-4BE9-A2DA-224FD6175210}.Release|Any CPU.ActiveCfg = Release|Any CPU
		{214E6A26-8213-4BE9-A2DA-224FD6175210}.Release|Any CPU.Build.0 = Release|Any CPU
	EndGlobalSection
	GlobalSection(SolutionProperties) = preSolution
		HideSolutionNode = FALSE
	EndGlobalSection
EndGlobal
